
Microsoft Visual Studio Solution File, Format Version 12.00
# Visual Studio 14
VisualStudioVersion = 14.0.23107.0
MinimumVisualStudioVersion = 10.0.40219.1
Project("{FAE04EC0-301F-11D3-BF4B-00C04F79EFBC}") = "MathModels", "MathModels\MathModels.csproj", "{5651DEEB-96C0-4DF4-824E-3DD408BC97E9}"
EndProject
Project("{FAE04EC0-301F-11D3-BF4B-00C04F79EFBC}") = "CortanaCommandService", "CortanaCommandService\CortanaCommandService.csproj", "{E6C1FA11-9695-4721-BFA7-B227FAACD105}"
EndProject
Global
	GlobalSection(SolutionConfigurationPlatforms) = preSolution
		Debug|Any CPU = Debug|Any CPU
		Debug|ARM = Debug|ARM
		Debug|x64 = Debug|x64
		Debug|x86 = Debug|x86
		Release|Any CPU = Release|Any CPU
		Release|ARM = Release|ARM
		Release|x64 = Release|x64
		Release|x86 = Release|x86
	EndGlobalSection
	GlobalSection(ProjectConfigurationPlatforms) = postSolution
		{5651DEEB-96C0-4DF4-824E-3DD408BC97E9}.Debug|Any CPU.ActiveCfg = Debug|x86
		{5651DEEB-96C0-4DF4-824E-3DD408BC97E9}.Debug|ARM.ActiveCfg = Debug|ARM
		{5651DEEB-96C0-4DF4-824E-3DD408BC97E9}.Debug|ARM.Build.0 = Debug|ARM
		{5651DEEB-96C0-4DF4-824E-3DD408BC97E9}.Debug|ARM.Deploy.0 = Debug|ARM
		{5651DEEB-96C0-4DF4-824E-3DD408BC97E9}.Debug|x64.ActiveCfg = Debug|x64
		{5651DEEB-96C0-4DF4-824E-3DD408BC97E9}.Debug|x64.Build.0 = Debug|x64
		{5651DEEB-96C0-4DF4-824E-3DD408BC97E9}.Debug|x64.Deploy.0 = Debug|x64
		{5651DEEB-96C0-4DF4-824E-3DD408BC97E9}.Debug|x86.ActiveCfg = Debug|x86
		{5651DEEB-96C0-4DF4-824E-3DD408BC97E9}.Debug|x86.Build.0 = Debug|x86
		{5651DEEB-96C0-4DF4-824E-3DD408BC97E9}.Debug|x86.Deploy.0 = Debug|x86
		{5651DEEB-96C0-4DF4-824E-3DD408BC97E9}.Release|Any CPU.ActiveCfg = Release|x86
		{5651DEEB-96C0-4DF4-824E-3DD408BC97E9}.Release|Any CPU.Build.0 = Release|x86
		{5651DEEB-96C0-4DF4-824E-3DD408BC97E9}.Release|Any CPU.Deploy.0 = Release|x86
		{5651DEEB-96C0-4DF4-824E-3DD408BC97E9}.Release|ARM.ActiveCfg = Release|ARM
		{5651DEEB-96C0-4DF4-824E-3DD408BC97E9}.Release|ARM.Build.0 = Release|ARM
		{5651DEEB-96C0-4DF4-824E-3DD408BC97E9}.Release|ARM.Deploy.0 = Release|ARM
		{5651DEEB-96C0-4DF4-824E-3DD408BC97E9}.Release|x64.ActiveCfg = Release|x64
		{5651DEEB-96C0-4DF4-824E-3DD408BC97E9}.Release|x64.Build.0 = Release|x64
		{5651DEEB-96C0-4DF4-824E-3DD408BC97E9}.Release|x64.Deploy.0 = Release|x64
		{5651DEEB-96C0-4DF4-824E-3DD408BC97E9}.Release|x86.ActiveCfg = Release|x86
		{5651DEEB-96C0-4DF4-824E-3DD408BC97E9}.Release|x86.Build.0 = Release|x86
		{5651DEEB-96C0-4DF4-824E-3DD408BC97E9}.Release|x86.Deploy.0 = Release|x86
		{E6C1FA11-9695-4721-BFA7-B227FAACD105}.Debug|Any CPU.ActiveCfg = Debug|Any CPU
		{E6C1FA11-9695-4721-BFA7-B227FAACD105}.Debug|Any CPU.Build.0 = Debug|Any CPU
		{E6C1FA11-9695-4721-BFA7-B227FAACD105}.Debug|ARM.ActiveCfg = Debug|ARM
		{E6C1FA11-9695-4721-BFA7-B227FAACD105}.Debug|ARM.Build.0 = Debug|ARM
		{E6C1FA11-9695-4721-BFA7-B227FAACD105}.Debug|x64.ActiveCfg = Debug|x64
		{E6C1FA11-9695-4721-BFA7-B227FAACD105}.Debug|x64.Build.0 = Debug|x64
		{E6C1FA11-9695-4721-BFA7-B227FAACD105}.Debug|x86.ActiveCfg = Debug|x86
		{E6C1FA11-9695-4721-BFA7-B227FAACD105}.Debug|x86.Build.0 = Debug|x86
		{E6C1FA11-9695-4721-BFA7-B227FAACD105}.Release|Any CPU.ActiveCfg = Release|Any CPU
		{E6C1FA11-9695-4721-BFA7-B227FAACD105}.Release|Any CPU.Build.0 = Release|Any CPU
		{E6C1FA11-9695-4721-BFA7-B227FAACD105}.Release|Any CPU.Deploy.0 = Release|Any CPU
		{E6C1FA11-9695-4721-BFA7-B227FAACD105}.Release|ARM.ActiveCfg = Release|ARM
		{E6C1FA11-9695-4721-BFA7-B227FAACD105}.Release|ARM.Build.0 = Release|ARM
		{E6C1FA11-9695-4721-BFA7-B227FAACD105}.Release|x64.ActiveCfg = Release|x64
		{E6C1FA11-9695-4721-BFA7-B227FAACD105}.Release|x64.Build.0 = Release|x64
		{E6C1FA11-9695-4721-BFA7-B227FAACD105}.Release|x86.ActiveCfg = Release|x86
		{E6C1FA11-9695-4721-BFA7-B227FAACD105}.Release|x86.Build.0 = Release|x86
	EndGlobalSection
	GlobalSection(SolutionProperties) = preSolution
		HideSolutionNode = FALSE
	EndGlobalSection
EndGlobal
